
Microsoft Visual Studio Solution File, Format Version 12.00
# Visual Studio Version 17
VisualStudioVersion = 17.4.33110.190
MinimumVisualStudioVersion = 10.0.40219.1
Project("{FAE04EC0-301F-11D3-BF4B-00C04F79EFBC}") = "ActivatorExample", "ActivatorExample\ActivatorExample.csproj", "{72F03CB4-000B-4F4D-8CF8-A2E98BB6F9DF}"
EndProject
Global
	GlobalSection(SolutionConfigurationPlatforms) = preSolution
		Debug|Any CPU = Debug|Any CPU
		Release|Any CPU = Release|Any CPU
	EndGlobalSection
	GlobalSection(ProjectConfigurationPlatforms) = postSolution
		{72F03CB4-000B-4F4D-8CF8-A2E98BB6F9DF}.Debug|Any CPU.ActiveCfg = Debug|Any CPU
		{72F03CB4-000B-4F4D-8CF8-A2E98BB6F9DF}.Debug|Any CPU.Build.0 = Debug|Any CPU
		{72F03CB4-000B-4F4D-8CF8-A2E98BB6F9DF}.Release|Any CPU.ActiveCfg = Release|Any CPU
		{72F03CB4-000B-4F4D-8CF8-A2E98BB6F9DF}.Release|Any CPU.Build.0 = Release|Any CPU
	EndGlobalSection
	GlobalSection(SolutionProperties) = preSolution
		HideSolutionNode = FALSE
	EndGlobalSection
	GlobalSection(ExtensibilityGlobals) = postSolution
		SolutionGuid = {B2CB0A8B-76ED-4908-933E-EBEB71AD4101}
	EndGlobalSection
EndGlobal
